
Microsoft Visual Studio Solution File, Format Version 12.00
# Visual Studio Version 17
VisualStudioVersion = 17.8.34330.188
MinimumVisualStudioVersion = 10.0.40219.1
Project("{9A19103F-16F7-4668-BE54-9A1E7A4F7556}") = "Components", "Components\Components.csproj", "{7E1853DF-554B-4C3E-916C-BF4971A3B48A}"
EndProject
Project("{9A19103F-16F7-4668-BE54-9A1E7A4F7556}") = "Showcase", "Showcase\Showcase.csproj", "{BDE75BF3-9DBA-436A-8A7D-A7E2DD616B89}"
EndProject
Global
	GlobalSection(SolutionConfigurationPlatforms) = preSolution
		Debug|Any CPU = Debug|Any CPU
		Release|Any CPU = Release|Any CPU
	EndGlobalSection
	GlobalSection(ProjectConfigurationPlatforms) = postSolution
		{7E1853DF-554B-4C3E-916C-BF4971A3B48A}.Debug|Any CPU.ActiveCfg = Debug|Any CPU
		{7E1853DF-554B-4C3E-916C-BF4971A3B48A}.Debug|Any CPU.Build.0 = Debug|Any CPU
		{7E1853DF-554B-4C3E-916C-BF4971A3B48A}.Release|Any CPU.ActiveCfg = Release|Any CPU
		{7E1853DF-554B-4C3E-916C-BF4971A3B48A}.Release|Any CPU.Build.0 = Release|Any CPU
		{BDE75BF3-9DBA-436A-8A7D-A7E2DD616B89}.Debug|Any CPU.ActiveCfg = Debug|Any CPU
		{BDE75BF3-9DBA-436A-8A7D-A7E2DD616B89}.Debug|Any CPU.Build.0 = Debug|Any CPU
		{BDE75BF3-9DBA-436A-8A7D-A7E2DD616B89}.Release|Any CPU.ActiveCfg = Release|Any CPU
		{BDE75BF3-9DBA-436A-8A7D-A7E2DD616B89}.Release|Any CPU.Build.0 = Release|Any CPU
	EndGlobalSection
	GlobalSection(SolutionProperties) = preSolution
		HideSolutionNode = FALSE
	EndGlobalSection
	GlobalSection(ExtensibilityGlobals) = postSolution
		SolutionGuid = {ED7F0994-99ED-4E97-9E34-F608AEB44855}
	EndGlobalSection
EndGlobal
